
Microsoft Visual Studio Solution File, Format Version 12.00
# Visual Studio Version 17
VisualStudioVersion = 17.7.34031.279
MinimumVisualStudioVersion = 10.0.40219.1
Project("{FAE04EC0-301F-11D3-BF4B-00C04F79EFBC}") = "AnalyzingAndProfilingToolsTask1", "AnalyzingAndProfilingToolsTask1\AnalyzingAndProfilingToolsTask1.csproj", "{16060FCD-F82C-44D3-9805-B1C6F5EAD5A2}"
EndProject
Global
	GlobalSection(SolutionConfigurationPlatforms) = preSolution
		Debug|Any CPU = Debug|Any CPU
		Release|Any CPU = Release|Any CPU
	EndGlobalSection
	GlobalSection(ProjectConfigurationPlatforms) = postSolution
		{16060FCD-F82C-44D3-9805-B1C6F5EAD5A2}.Debug|Any CPU.ActiveCfg = Debug|Any CPU
		{16060FCD-F82C-44D3-9805-B1C6F5EAD5A2}.Debug|Any CPU.Build.0 = Debug|Any CPU
		{16060FCD-F82C-44D3-9805-B1C6F5EAD5A2}.Release|Any CPU.ActiveCfg = Release|Any CPU
		{16060FCD-F82C-44D3-9805-B1C6F5EAD5A2}.Release|Any CPU.Build.0 = Release|Any CPU
	EndGlobalSection
	GlobalSection(SolutionProperties) = preSolution
		HideSolutionNode = FALSE
	EndGlobalSection
	GlobalSection(ExtensibilityGlobals) = postSolution
		SolutionGuid = {57A4AB57-3E53-4315-8C56-0BF61CC90D9F}
	EndGlobalSection
EndGlobal
